
Microsoft Visual Studio Solution File, Format Version 12.00
# Visual Studio Version 17
VisualStudioVersion = 17.3.32929.385
MinimumVisualStudioVersion = 10.0.40219.1
Project("{FAE04EC0-301F-11D3-BF4B-00C04F79EFBC}") = "week7", "week7\week7.csproj", "{68159B57-B90D-4598-B942-C5397CD59692}"
EndProject
Global
	GlobalSection(SolutionConfigurationPlatforms) = preSolution
		Debug|Any CPU = Debug|Any CPU
		Release|Any CPU = Release|Any CPU
	EndGlobalSection
	GlobalSection(ProjectConfigurationPlatforms) = postSolution
		{68159B57-B90D-4598-B942-C5397CD59692}.Debug|Any CPU.ActiveCfg = Debug|Any CPU
		{68159B57-B90D-4598-B942-C5397CD59692}.Debug|Any CPU.Build.0 = Debug|Any CPU
		{68159B57-B90D-4598-B942-C5397CD59692}.Release|Any CPU.ActiveCfg = Release|Any CPU
		{68159B57-B90D-4598-B942-C5397CD59692}.Release|Any CPU.Build.0 = Release|Any CPU
	EndGlobalSection
	GlobalSection(SolutionProperties) = preSolution
		HideSolutionNode = FALSE
	EndGlobalSection
	GlobalSection(ExtensibilityGlobals) = postSolution
		SolutionGuid = {CF9FAD8E-CAF2-4DC3-A6A0-1BC9D9FF5C2A}
	EndGlobalSection
EndGlobal
