
Microsoft Visual Studio Solution File, Format Version 12.00
# Visual Studio Version 17
VisualStudioVersion = 17.3.32929.385
MinimumVisualStudioVersion = 10.0.40219.1
Project("{FAE04EC0-301F-11D3-BF4B-00C04F79EFBC}") = "week2", "week2\week2.csproj", "{686E481D-21ED-486D-8C2F-3ECEFFA58D69}"
EndProject
Global
	GlobalSection(SolutionConfigurationPlatforms) = preSolution
		Debug|Any CPU = Debug|Any CPU
		Release|Any CPU = Release|Any CPU
	EndGlobalSection
	GlobalSection(ProjectConfigurationPlatforms) = postSolution
		{686E481D-21ED-486D-8C2F-3ECEFFA58D69}.Debug|Any CPU.ActiveCfg = Debug|Any CPU
		{686E481D-21ED-486D-8C2F-3ECEFFA58D69}.Debug|Any CPU.Build.0 = Debug|Any CPU
		{686E481D-21ED-486D-8C2F-3ECEFFA58D69}.Release|Any CPU.ActiveCfg = Release|Any CPU
		{686E481D-21ED-486D-8C2F-3ECEFFA58D69}.Release|Any CPU.Build.0 = Release|Any CPU
	EndGlobalSection
	GlobalSection(SolutionProperties) = preSolution
		HideSolutionNode = FALSE
	EndGlobalSection
	GlobalSection(ExtensibilityGlobals) = postSolution
		SolutionGuid = {2060C94C-2C44-4B5D-A474-C1DF8F187990}
	EndGlobalSection
EndGlobal
