
Microsoft Visual Studio Solution File, Format Version 12.00
# Visual Studio Version 17
VisualStudioVersion = 17.3.32929.385
MinimumVisualStudioVersion = 10.0.40219.1
Project("{FAE04EC0-301F-11D3-BF4B-00C04F79EFBC}") = "week3", "week3\week3.csproj", "{2B049BC5-FC3B-4ECB-867A-04CC28B094F3}"
EndProject
Global
	GlobalSection(SolutionConfigurationPlatforms) = preSolution
		Debug|Any CPU = Debug|Any CPU
		Release|Any CPU = Release|Any CPU
	EndGlobalSection
	GlobalSection(ProjectConfigurationPlatforms) = postSolution
		{2B049BC5-FC3B-4ECB-867A-04CC28B094F3}.Debug|Any CPU.ActiveCfg = Debug|Any CPU
		{2B049BC5-FC3B-4ECB-867A-04CC28B094F3}.Debug|Any CPU.Build.0 = Debug|Any CPU
		{2B049BC5-FC3B-4ECB-867A-04CC28B094F3}.Release|Any CPU.ActiveCfg = Release|Any CPU
		{2B049BC5-FC3B-4ECB-867A-04CC28B094F3}.Release|Any CPU.Build.0 = Release|Any CPU
	EndGlobalSection
	GlobalSection(SolutionProperties) = preSolution
		HideSolutionNode = FALSE
	EndGlobalSection
	GlobalSection(ExtensibilityGlobals) = postSolution
		SolutionGuid = {7274EEFB-CAA5-425A-BB76-87F9ED7CA948}
	EndGlobalSection
EndGlobal
