
Microsoft Visual Studio Solution File, Format Version 12.00
# Visual Studio Version 17
VisualStudioVersion = 17.3.32929.385
MinimumVisualStudioVersion = 10.0.40219.1
Project("{FAE04EC0-301F-11D3-BF4B-00C04F79EFBC}") = "week5", "week5\week5.csproj", "{146105F3-DDD6-43B2-9EDE-3E54ED1135C4}"
EndProject
Global
	GlobalSection(SolutionConfigurationPlatforms) = preSolution
		Debug|Any CPU = Debug|Any CPU
		Release|Any CPU = Release|Any CPU
	EndGlobalSection
	GlobalSection(ProjectConfigurationPlatforms) = postSolution
		{146105F3-DDD6-43B2-9EDE-3E54ED1135C4}.Debug|Any CPU.ActiveCfg = Debug|Any CPU
		{146105F3-DDD6-43B2-9EDE-3E54ED1135C4}.Debug|Any CPU.Build.0 = Debug|Any CPU
		{146105F3-DDD6-43B2-9EDE-3E54ED1135C4}.Release|Any CPU.ActiveCfg = Release|Any CPU
		{146105F3-DDD6-43B2-9EDE-3E54ED1135C4}.Release|Any CPU.Build.0 = Release|Any CPU
	EndGlobalSection
	GlobalSection(SolutionProperties) = preSolution
		HideSolutionNode = FALSE
	EndGlobalSection
	GlobalSection(ExtensibilityGlobals) = postSolution
		SolutionGuid = {4730235E-C3AE-4E91-8D0A-EEB821F98688}
	EndGlobalSection
EndGlobal
